{
  "name": "subfinder-ui",
  "lockfileVersion": 3,
  "requires": true,
  "packages": {
    "": {
      "name": "subfinder-ui",
      "private": true,
      "type": "module",
      "dependencies": {
        "@nuxt/ui": "^2.14.1",
        "nuxt": "^3.10.3",
        "vue": "^3.4.21",
        "vue-router": "^4.3.0"
      },
      "devDependencies": {
        "@nuxt/devtools": "latest",
        "@types/node": "^20.11.25",
        "typescript": "^5.3.3"
      }
    }
  }
}
